
Microsoft Visual Studio Solution File, Format Version 12.00
# Visual Studio 14
VisualStudioVersion = 14.0.25123.0
MinimumVisualStudioVersion = 10.0.40219.1
Project("{FAE04EC0-301F-11D3-BF4B-00C04F79EFBC}") = "XFormDiscovery603B.Droid", "XFormDiscovery603B\XFormDiscovery603B.Droid\XFormDiscovery603B.Droid.csproj", "{F0CD8773-FE39-4B1E-AEA5-3BC56697D513}"
EndProject
Project("{FAE04EC0-301F-11D3-BF4B-00C04F79EFBC}") = "XFormDiscovery603B.iOS", "XFormDiscovery603B\XFormDiscovery603B.iOS\XFormDiscovery603B.iOS.csproj", "{844C56D6-663B-4B5E-B5CD-277DA82927E3}"
EndProject
Project("{FAE04EC0-301F-11D3-BF4B-00C04F79EFBC}") = "XFormDiscovery603B.WinPhone", "XFormDiscovery603B\XFormDiscovery603B.WinPhone\XFormDiscovery603B.WinPhone.csproj", "{77BEA4B3-EDBF-476C-9ECC-196CA925D6C8}"
EndProject
Project("{FAE04EC0-301F-11D3-BF4B-00C04F79EFBC}") = "XFormDiscovery603B.Windows", "XFormDiscovery603B\XFormDiscovery603B.Windows\XFormDiscovery603B.Windows.csproj", "{A5EDC1F0-9AF8-4611-ACF5-E513DF7CD7A5}"
EndProject
Project("{FAE04EC0-301F-11D3-BF4B-00C04F79EFBC}") = "XFormDiscovery603B", "XFormDiscovery603B\XFormDiscovery603B\XFormDiscovery603B.csproj", "{1884A3B1-8BC4-4E62-9B81-3BBA601FE6AB}"
EndProject
Global
	GlobalSection(SolutionConfigurationPlatforms) = preSolution
		Ad-Hoc|Any CPU = Ad-Hoc|Any CPU
		Ad-Hoc|ARM = Ad-Hoc|ARM
		Ad-Hoc|iPhone = Ad-Hoc|iPhone
		Ad-Hoc|iPhoneSimulator = Ad-Hoc|iPhoneSimulator
		Ad-Hoc|x64 = Ad-Hoc|x64
		Ad-Hoc|x86 = Ad-Hoc|x86
		AppStore|Any CPU = AppStore|Any CPU
		AppStore|ARM = AppStore|ARM
		AppStore|iPhone = AppStore|iPhone
		AppStore|iPhoneSimulator = AppStore|iPhoneSimulator
		AppStore|x64 = AppStore|x64
		AppStore|x86 = AppStore|x86
		Debug|Any CPU = Debug|Any CPU
		Debug|ARM = Debug|ARM
		Debug|iPhone = Debug|iPhone
		Debug|iPhoneSimulator = Debug|iPhoneSimulator
		Debug|x64 = Debug|x64
		Debug|x86 = Debug|x86
		Release|Any CPU = Release|Any CPU
		Release|ARM = Release|ARM
		Release|iPhone = Release|iPhone
		Release|iPhoneSimulator = Release|iPhoneSimulator
		Release|x64 = Release|x64
		Release|x86 = Release|x86
	EndGlobalSection
	GlobalSection(ProjectConfigurationPlatforms) = postSolution
		{F0CD8773-FE39-4B1E-AEA5-3BC56697D513}.Ad-Hoc|Any CPU.ActiveCfg = Release|Any CPU
		{F0CD8773-FE39-4B1E-AEA5-3BC56697D513}.Ad-Hoc|Any CPU.Build.0 = Release|Any CPU
		{F0CD8773-FE39-4B1E-AEA5-3BC56697D513}.Ad-Hoc|Any CPU.Deploy.0 = Release|Any CPU
		{F0CD8773-FE39-4B1E-AEA5-3BC56697D513}.Ad-Hoc|ARM.ActiveCfg = Release|Any CPU
		{F0CD8773-FE39-4B1E-AEA5-3BC56697D513}.Ad-Hoc|ARM.Build.0 = Release|Any CPU
		{F0CD8773-FE39-4B1E-AEA5-3BC56697D513}.Ad-Hoc|ARM.Deploy.0 = Release|Any CPU
		{F0CD8773-FE39-4B1E-AEA5-3BC56697D513}.Ad-Hoc|iPhone.ActiveCfg = Release|Any CPU
		{F0CD8773-FE39-4B1E-AEA5-3BC56697D513}.Ad-Hoc|iPhone.Build.0 = Release|Any CPU
		{F0CD8773-FE39-4B1E-AEA5-3BC56697D513}.Ad-Hoc|iPhone.Deploy.0 = Release|Any CPU
		{F0CD8773-FE39-4B1E-AEA5-3BC56697D513}.Ad-Hoc|iPhoneSimulator.ActiveCfg = Release|Any CPU
		{F0CD8773-FE39-4B1E-AEA5-3BC56697D513}.Ad-Hoc|iPhoneSimulator.Build.0 = Release|Any CPU
		{F0CD8773-FE39-4B1E-AEA5-3BC56697D513}.Ad-Hoc|iPhoneSimulator.Deploy.0 = Release|Any CPU
		{F0CD8773-FE39-4B1E-AEA5-3BC56697D513}.Ad-Hoc|x64.ActiveCfg = Release|Any CPU
		{F0CD8773-FE39-4B1E-AEA5-3BC56697D513}.Ad-Hoc|x64.Build.0 = Release|Any CPU
		{F0CD8773-FE39-4B1E-AEA5-3BC56697D513}.Ad-Hoc|x64.Deploy.0 = Release|Any CPU
		{F0CD8773-FE39-4B1E-AEA5-3BC56697D513}.Ad-Hoc|x86.ActiveCfg = Release|Any CPU
		{F0CD8773-FE39-4B1E-AEA5-3BC56697D513}.Ad-Hoc|x86.Build.0 = Release|Any CPU
		{F0CD8773-FE39-4B1E-AEA5-3BC56697D513}.Ad-Hoc|x86.Deploy.0 = Release|Any CPU
		{F0CD8773-FE39-4B1E-AEA5-3BC56697D513}.AppStore|Any CPU.ActiveCfg = Release|Any CPU
		{F0CD8773-FE39-4B1E-AEA5-3BC56697D513}.AppStore|Any CPU.Build.0 = Release|Any CPU
		{F0CD8773-FE39-4B1E-AEA5-3BC56697D513}.AppStore|Any CPU.Deploy.0 = Release|Any CPU
		{F0CD8773-FE39-4B1E-AEA5-3BC56697D513}.AppStore|ARM.ActiveCfg = Release|Any CPU
		{F0CD8773-FE39-4B1E-AEA5-3BC56697D513}.AppStore|ARM.Build.0 = Release|Any CPU
		{F0CD8773-FE39-4B1E-AEA5-3BC56697D513}.AppStore|ARM.Deploy.0 = Release|Any CPU
		{F0CD8773-FE39-4B1E-AEA5-3BC56697D513}.AppStore|iPhone.ActiveCfg = Release|Any CPU
		{F0CD8773-FE39-4B1E-AEA5-3BC56697D513}.AppStore|iPhone.Build.0 = Release|Any CPU
		{F0CD8773-FE39-4B1E-AEA5-3BC56697D513}.AppStore|iPhone.Deploy.0 = Release|Any CPU
		{F0CD8773-FE39-4B1E-AEA5-3BC56697D513}.AppStore|iPhoneSimulator.ActiveCfg = Release|Any CPU
		{F0CD8773-FE39-4B1E-AEA5-3BC56697D513}.AppStore|iPhoneSimulator.Build.0 = Release|Any CPU
		{F0CD8773-FE39-4B1E-AEA5-3BC56697D513}.AppStore|iPhoneSimulator.Deploy.0 = Release|Any CPU
		{F0CD8773-FE39-4B1E-AEA5-3BC56697D513}.AppStore|x64.ActiveCfg = Release|Any CPU
		{F0CD8773-FE39-4B1E-AEA5-3BC56697D513}.AppStore|x64.Build.0 = Release|Any CPU
		{F0CD8773-FE39-4B1E-AEA5-3BC56697D513}.AppStore|x64.Deploy.0 = Release|Any CPU
		{F0CD8773-FE39-4B1E-AEA5-3BC56697D513}.AppStore|x86.ActiveCfg = Release|Any CPU
		{F0CD8773-FE39-4B1E-AEA5-3BC56697D513}.AppStore|x86.Build.0 = Release|Any CPU
		{F0CD8773-FE39-4B1E-AEA5-3BC56697D513}.AppStore|x86.Deploy.0 = Release|Any CPU
		{F0CD8773-FE39-4B1E-AEA5-3BC56697D513}.Debug|Any CPU.ActiveCfg = Debug|Any CPU
		{F0CD8773-FE39-4B1E-AEA5-3BC56697D513}.Debug|Any CPU.Build.0 = Debug|Any CPU
		{F0CD8773-FE39-4B1E-AEA5-3BC56697D513}.Debug|Any CPU.Deploy.0 = Debug|Any CPU
		{F0CD8773-FE39-4B1E-AEA5-3BC56697D513}.Debug|ARM.ActiveCfg = Debug|Any CPU
		{F0CD8773-FE39-4B1E-AEA5-3BC56697D513}.Debug|ARM.Build.0 = Debug|Any CPU
		{F0CD8773-FE39-4B1E-AEA5-3BC56697D513}.Debug|ARM.Deploy.0 = Debug|Any CPU
		{F0CD8773-FE39-4B1E-AEA5-3BC56697D513}.Debug|iPhone.ActiveCfg = Debug|Any CPU
		{F0CD8773-FE39-4B1E-AEA5-3BC56697D513}.Debug|iPhone.Build.0 = Debug|Any CPU
		{F0CD8773-FE39-4B1E-AEA5-3BC56697D513}.Debug|iPhone.Deploy.0 = Debug|Any CPU
		{F0CD8773-FE39-4B1E-AEA5-3BC56697D513}.Debug|iPhoneSimulator.ActiveCfg = Debug|Any CPU
		{F0CD8773-FE39-4B1E-AEA5-3BC56697D513}.Debug|iPhoneSimulator.Build.0 = Debug|Any CPU
		{F0CD8773-FE39-4B1E-AEA5-3BC56697D513}.Debug|iPhoneSimulator.Deploy.0 = Debug|Any CPU
		{F0CD8773-FE39-4B1E-AEA5-3BC56697D513}.Debug|x64.ActiveCfg = Debug|Any CPU
		{F0CD8773-FE39-4B1E-AEA5-3BC56697D513}.Debug|x64.Build.0 = Debug|Any CPU
		{F0CD8773-FE39-4B1E-AEA5-3BC56697D513}.Debug|x64.Deploy.0 = Debug|Any CPU
		{F0CD8773-FE39-4B1E-AEA5-3BC56697D513}.Debug|x86.ActiveCfg = Debug|Any CPU
		{F0CD8773-FE39-4B1E-AEA5-3BC56697D513}.Debug|x86.Build.0 = Debug|Any CPU
		{F0CD8773-FE39-4B1E-AEA5-3BC56697D513}.Debug|x86.Deploy.0 = Debug|Any CPU
		{F0CD8773-FE39-4B1E-AEA5-3BC56697D513}.Release|Any CPU.ActiveCfg = Release|Any CPU
		{F0CD8773-FE39-4B1E-AEA5-3BC56697D513}.Release|Any CPU.Build.0 = Release|Any CPU
		{F0CD8773-FE39-4B1E-AEA5-3BC56697D513}.Release|Any CPU.Deploy.0 = Release|Any CPU
		{F0CD8773-FE39-4B1E-AEA5-3BC56697D513}.Release|ARM.ActiveCfg = Release|Any CPU
		{F0CD8773-FE39-4B1E-AEA5-3BC56697D513}.Release|ARM.Build.0 = Release|Any CPU
		{F0CD8773-FE39-4B1E-AEA5-3BC56697D513}.Release|ARM.Deploy.0 = Release|Any CPU
		{F0CD8773-FE39-4B1E-AEA5-3BC56697D513}.Release|iPhone.ActiveCfg = Release|Any CPU
		{F0CD8773-FE39-4B1E-AEA5-3BC56697D513}.Release|iPhone.Build.0 = Release|Any CPU
		{F0CD8773-FE39-4B1E-AEA5-3BC56697D513}.Release|iPhone.Deploy.0 = Release|Any CPU
		{F0CD8773-FE39-4B1E-AEA5-3BC56697D513}.Release|iPhoneSimulator.ActiveCfg = Release|Any CPU
		{F0CD8773-FE39-4B1E-AEA5-3BC56697D513}.Release|iPhoneSimulator.Build.0 = Release|Any CPU
		{F0CD8773-FE39-4B1E-AEA5-3BC56697D513}.Release|iPhoneSimulator.Deploy.0 = Release|Any CPU
		{F0CD8773-FE39-4B1E-AEA5-3BC56697D513}.Release|x64.ActiveCfg = Release|Any CPU
		{F0CD8773-FE39-4B1E-AEA5-3BC56697D513}.Release|x64.Build.0 = Release|Any CPU
		{F0CD8773-FE39-4B1E-AEA5-3BC56697D513}.Release|x64.Deploy.0 = Release|Any CPU
		{F0CD8773-FE39-4B1E-AEA5-3BC56697D513}.Release|x86.ActiveCfg = Release|Any CPU
		{F0CD8773-FE39-4B1E-AEA5-3BC56697D513}.Release|x86.Build.0 = Release|Any CPU
		{F0CD8773-FE39-4B1E-AEA5-3BC56697D513}.Release|x86.Deploy.0 = Release|Any CPU
		{844C56D6-663B-4B5E-B5CD-277DA82927E3}.Ad-Hoc|Any CPU.ActiveCfg = Ad-Hoc|iPhone
		{844C56D6-663B-4B5E-B5CD-277DA82927E3}.Ad-Hoc|ARM.ActiveCfg = Ad-Hoc|iPhone
		{844C56D6-663B-4B5E-B5CD-277DA82927E3}.Ad-Hoc|iPhone.ActiveCfg = Ad-Hoc|iPhone
		{844C56D6-663B-4B5E-B5CD-277DA82927E3}.Ad-Hoc|iPhone.Build.0 = Ad-Hoc|iPhone
		{844C56D6-663B-4B5E-B5CD-277DA82927E3}.Ad-Hoc|iPhoneSimulator.ActiveCfg = Ad-Hoc|iPhoneSimulator
		{844C56D6-663B-4B5E-B5CD-277DA82927E3}.Ad-Hoc|iPhoneSimulator.Build.0 = Ad-Hoc|iPhoneSimulator
		{844C56D6-663B-4B5E-B5CD-277DA82927E3}.Ad-Hoc|x64.ActiveCfg = Ad-Hoc|iPhone
		{844C56D6-663B-4B5E-B5CD-277DA82927E3}.Ad-Hoc|x86.ActiveCfg = Ad-Hoc|iPhone
		{844C56D6-663B-4B5E-B5CD-277DA82927E3}.AppStore|Any CPU.ActiveCfg = AppStore|iPhone
		{844C56D6-663B-4B5E-B5CD-277DA82927E3}.AppStore|ARM.ActiveCfg = AppStore|iPhone
		{844C56D6-663B-4B5E-B5CD-277DA82927E3}.AppStore|iPhone.ActiveCfg = AppStore|iPhone
		{844C56D6-663B-4B5E-B5CD-277DA82927E3}.AppStore|iPhone.Build.0 = AppStore|iPhone
		{844C56D6-663B-4B5E-B5CD-277DA82927E3}.AppStore|iPhoneSimulator.ActiveCfg = AppStore|iPhoneSimulator
		{844C56D6-663B-4B5E-B5CD-277DA82927E3}.AppStore|iPhoneSimulator.Build.0 = AppStore|iPhoneSimulator
		{844C56D6-663B-4B5E-B5CD-277DA82927E3}.AppStore|x64.ActiveCfg = AppStore|iPhone
		{844C56D6-663B-4B5E-B5CD-277DA82927E3}.AppStore|x86.ActiveCfg = AppStore|iPhone
		{844C56D6-663B-4B5E-B5CD-277DA82927E3}.Debug|Any CPU.ActiveCfg = Debug|iPhone
		{844C56D6-663B-4B5E-B5CD-277DA82927E3}.Debug|ARM.ActiveCfg = Debug|iPhone
		{844C56D6-663B-4B5E-B5CD-277DA82927E3}.Debug|iPhone.ActiveCfg = Debug|iPhone
		{844C56D6-663B-4B5E-B5CD-277DA82927E3}.Debug|iPhone.Build.0 = Debug|iPhone
		{844C56D6-663B-4B5E-B5CD-277DA82927E3}.Debug|iPhoneSimulator.ActiveCfg = Debug|iPhoneSimulator
		{844C56D6-663B-4B5E-B5CD-277DA82927E3}.Debug|iPhoneSimulator.Build.0 = Debug|iPhoneSimulator
		{844C56D6-663B-4B5E-B5CD-277DA82927E3}.Debug|x64.ActiveCfg = Debug|iPhone
		{844C56D6-663B-4B5E-B5CD-277DA82927E3}.Debug|x86.ActiveCfg = Debug|iPhone
		{844C56D6-663B-4B5E-B5CD-277DA82927E3}.Release|Any CPU.ActiveCfg = Release|iPhone
		{844C56D6-663B-4B5E-B5CD-277DA82927E3}.Release|ARM.ActiveCfg = Release|iPhone
		{844C56D6-663B-4B5E-B5CD-277DA82927E3}.Release|iPhone.ActiveCfg = Release|iPhone
		{844C56D6-663B-4B5E-B5CD-277DA82927E3}.Release|iPhone.Build.0 = Release|iPhone
		{844C56D6-663B-4B5E-B5CD-277DA82927E3}.Release|iPhoneSimulator.ActiveCfg = Release|iPhoneSimulator
		{844C56D6-663B-4B5E-B5CD-277DA82927E3}.Release|iPhoneSimulator.Build.0 = Release|iPhoneSimulator
		{844C56D6-663B-4B5E-B5CD-277DA82927E3}.Release|x64.ActiveCfg = Release|iPhone
		{844C56D6-663B-4B5E-B5CD-277DA82927E3}.Release|x86.ActiveCfg = Release|iPhone
		{77BEA4B3-EDBF-476C-9ECC-196CA925D6C8}.Ad-Hoc|Any CPU.ActiveCfg = Release|Any CPU
		{77BEA4B3-EDBF-476C-9ECC-196CA925D6C8}.Ad-Hoc|Any CPU.Build.0 = Release|Any CPU
		{77BEA4B3-EDBF-476C-9ECC-196CA925D6C8}.Ad-Hoc|Any CPU.Deploy.0 = Release|Any CPU
		{77BEA4B3-EDBF-476C-9ECC-196CA925D6C8}.Ad-Hoc|ARM.ActiveCfg = Release|ARM
		{77BEA4B3-EDBF-476C-9ECC-196CA925D6C8}.Ad-Hoc|ARM.Build.0 = Release|ARM
		{77BEA4B3-EDBF-476C-9ECC-196CA925D6C8}.Ad-Hoc|ARM.Deploy.0 = Release|ARM
		{77BEA4B3-EDBF-476C-9ECC-196CA925D6C8}.Ad-Hoc|iPhone.ActiveCfg = Release|Any CPU
		{77BEA4B3-EDBF-476C-9ECC-196CA925D6C8}.Ad-Hoc|iPhone.Build.0 = Release|Any CPU
		{77BEA4B3-EDBF-476C-9ECC-196CA925D6C8}.Ad-Hoc|iPhone.Deploy.0 = Release|Any CPU
		{77BEA4B3-EDBF-476C-9ECC-196CA925D6C8}.Ad-Hoc|iPhoneSimulator.ActiveCfg = Release|Any CPU
		{77BEA4B3-EDBF-476C-9ECC-196CA925D6C8}.Ad-Hoc|iPhoneSimulator.Build.0 = Release|Any CPU
		{77BEA4B3-EDBF-476C-9ECC-196CA925D6C8}.Ad-Hoc|iPhoneSimulator.Deploy.0 = Release|Any CPU
		{77BEA4B3-EDBF-476C-9ECC-196CA925D6C8}.Ad-Hoc|x64.ActiveCfg = Release|Any CPU
		{77BEA4B3-EDBF-476C-9ECC-196CA925D6C8}.Ad-Hoc|x64.Build.0 = Release|Any CPU
		{77BEA4B3-EDBF-476C-9ECC-196CA925D6C8}.Ad-Hoc|x64.Deploy.0 = Release|Any CPU
		{77BEA4B3-EDBF-476C-9ECC-196CA925D6C8}.Ad-Hoc|x86.ActiveCfg = Release|x86
		{77BEA4B3-EDBF-476C-9ECC-196CA925D6C8}.Ad-Hoc|x86.Build.0 = Release|x86
		{77BEA4B3-EDBF-476C-9ECC-196CA925D6C8}.Ad-Hoc|x86.Deploy.0 = Release|x86
		{77BEA4B3-EDBF-476C-9ECC-196CA925D6C8}.AppStore|Any CPU.ActiveCfg = Release|Any CPU
		{77BEA4B3-EDBF-476C-9ECC-196CA925D6C8}.AppStore|Any CPU.Build.0 = Release|Any CPU
		{77BEA4B3-EDBF-476C-9ECC-196CA925D6C8}.AppStore|Any CPU.Deploy.0 = Release|Any CPU
		{77BEA4B3-EDBF-476C-9ECC-196CA925D6C8}.AppStore|ARM.ActiveCfg = Release|ARM
		{77BEA4B3-EDBF-476C-9ECC-196CA925D6C8}.AppStore|ARM.Build.0 = Release|ARM
		{77BEA4B3-EDBF-476C-9ECC-196CA925D6C8}.AppStore|ARM.Deploy.0 = Release|ARM
		{77BEA4B3-EDBF-476C-9ECC-196CA925D6C8}.AppStore|iPhone.ActiveCfg = Release|Any CPU
		{77BEA4B3-EDBF-476C-9ECC-196CA925D6C8}.AppStore|iPhone.Build.0 = Release|Any CPU
		{77BEA4B3-EDBF-476C-9ECC-196CA925D6C8}.AppStore|iPhone.Deploy.0 = Release|Any CPU
		{77BEA4B3-EDBF-476C-9ECC-196CA925D6C8}.AppStore|iPhoneSimulator.ActiveCfg = Release|Any CPU
		{77BEA4B3-EDBF-476C-9ECC-196CA925D6C8}.AppStore|iPhoneSimulator.Build.0 = Release|Any CPU
		{77BEA4B3-EDBF-476C-9ECC-196CA925D6C8}.AppStore|iPhoneSimulator.Deploy.0 = Release|Any CPU
		{77BEA4B3-EDBF-476C-9ECC-196CA925D6C8}.AppStore|x64.ActiveCfg = Release|Any CPU
		{77BEA4B3-EDBF-476C-9ECC-196CA925D6C8}.AppStore|x64.Build.0 = Release|Any CPU
		{77BEA4B3-EDBF-476C-9ECC-196CA925D6C8}.AppStore|x64.Deploy.0 = Release|Any CPU
		{77BEA4B3-EDBF-476C-9ECC-196CA925D6C8}.AppStore|x86.ActiveCfg = Release|x86
		{77BEA4B3-EDBF-476C-9ECC-196CA925D6C8}.AppStore|x86.Build.0 = Release|x86
		{77BEA4B3-EDBF-476C-9ECC-196CA925D6C8}.AppStore|x86.Deploy.0 = Release|x86
		{77BEA4B3-EDBF-476C-9ECC-196CA925D6C8}.Debug|Any CPU.ActiveCfg = Debug|Any CPU
		{77BEA4B3-EDBF-476C-9ECC-196CA925D6C8}.Debug|Any CPU.Build.0 = Debug|Any CPU
		{77BEA4B3-EDBF-476C-9ECC-196CA925D6C8}.Debug|Any CPU.Deploy.0 = Debug|Any CPU
		{77BEA4B3-EDBF-476C-9ECC-196CA925D6C8}.Debug|ARM.ActiveCfg = Debug|ARM
		{77BEA4B3-EDBF-476C-9ECC-196CA925D6C8}.Debug|ARM.Build.0 = Debug|ARM
		{77BEA4B3-EDBF-476C-9ECC-196CA925D6C8}.Debug|ARM.Deploy.0 = Debug|ARM
		{77BEA4B3-EDBF-476C-9ECC-196CA925D6C8}.Debug|iPhone.ActiveCfg = Debug|Any CPU
		{77BEA4B3-EDBF-476C-9ECC-196CA925D6C8}.Debug|iPhone.Build.0 = Debug|Any CPU
		{77BEA4B3-EDBF-476C-9ECC-196CA925D6C8}.Debug|iPhone.Deploy.0 = Debug|Any CPU
		{77BEA4B3-EDBF-476C-9ECC-196CA925D6C8}.Debug|iPhoneSimulator.ActiveCfg = Debug|Any CPU
		{77BEA4B3-EDBF-476C-9ECC-196CA925D6C8}.Debug|iPhoneSimulator.Build.0 = Debug|Any CPU
		{77BEA4B3-EDBF-476C-9ECC-196CA925D6C8}.Debug|iPhoneSimulator.Deploy.0 = Debug|Any CPU
		{77BEA4B3-EDBF-476C-9ECC-196CA925D6C8}.Debug|x64.ActiveCfg = Debug|Any CPU
		{77BEA4B3-EDBF-476C-9ECC-196CA925D6C8}.Debug|x64.Build.0 = Debug|Any CPU
		{77BEA4B3-EDBF-476C-9ECC-196CA925D6C8}.Debug|x64.Deploy.0 = Debug|Any CPU
		{77BEA4B3-EDBF-476C-9ECC-196CA925D6C8}.Debug|x86.ActiveCfg = Debug|x86
		{77BEA4B3-EDBF-476C-9ECC-196CA925D6C8}.Debug|x86.Build.0 = Debug|x86
		{77BEA4B3-EDBF-476C-9ECC-196CA925D6C8}.Debug|x86.Deploy.0 = Debug|x86
		{77BEA4B3-EDBF-476C-9ECC-196CA925D6C8}.Release|Any CPU.ActiveCfg = Release|Any CPU
		{77BEA4B3-EDBF-476C-9ECC-196CA925D6C8}.Release|Any CPU.Build.0 = Release|Any CPU
		{77BEA4B3-EDBF-476C-9ECC-196CA925D6C8}.Release|Any CPU.Deploy.0 = Release|Any CPU
		{77BEA4B3-EDBF-476C-9ECC-196CA925D6C8}.Release|ARM.ActiveCfg = Release|ARM
		{77BEA4B3-EDBF-476C-9ECC-196CA925D6C8}.Release|ARM.Build.0 = Release|ARM
		{77BEA4B3-EDBF-476C-9ECC-196CA925D6C8}.Release|ARM.Deploy.0 = Release|ARM
		{77BEA4B3-EDBF-476C-9ECC-196CA925D6C8}.Release|iPhone.ActiveCfg = Release|Any CPU
		{77BEA4B3-EDBF-476C-9ECC-196CA925D6C8}.Release|iPhone.Build.0 = Release|Any CPU
		{77BEA4B3-EDBF-476C-9ECC-196CA925D6C8}.Release|iPhone.Deploy.0 = Release|Any CPU
		{77BEA4B3-EDBF-476C-9ECC-196CA925D6C8}.Release|iPhoneSimulator.ActiveCfg = Release|Any CPU
		{77BEA4B3-EDBF-476C-9ECC-196CA925D6C8}.Release|iPhoneSimulator.Build.0 = Release|Any CPU
		{77BEA4B3-EDBF-476C-9ECC-196CA925D6C8}.Release|iPhoneSimulator.Deploy.0 = Release|Any CPU
		{77BEA4B3-EDBF-476C-9ECC-196CA925D6C8}.Release|x64.ActiveCfg = Release|Any CPU
		{77BEA4B3-EDBF-476C-9ECC-196CA925D6C8}.Release|x64.Build.0 = Release|Any CPU
		{77BEA4B3-EDBF-476C-9ECC-196CA925D6C8}.Release|x64.Deploy.0 = Release|Any CPU
		{77BEA4B3-EDBF-476C-9ECC-196CA925D6C8}.Release|x86.ActiveCfg = Release|x86
		{77BEA4B3-EDBF-476C-9ECC-196CA925D6C8}.Release|x86.Build.0 = Release|x86
		{77BEA4B3-EDBF-476C-9ECC-196CA925D6C8}.Release|x86.Deploy.0 = Release|x86
		{A5EDC1F0-9AF8-4611-ACF5-E513DF7CD7A5}.Ad-Hoc|Any CPU.ActiveCfg = Release|Any CPU
		{A5EDC1F0-9AF8-4611-ACF5-E513DF7CD7A5}.Ad-Hoc|Any CPU.Build.0 = Release|Any CPU
		{A5EDC1F0-9AF8-4611-ACF5-E513DF7CD7A5}.Ad-Hoc|Any CPU.Deploy.0 = Release|Any CPU
		{A5EDC1F0-9AF8-4611-ACF5-E513DF7CD7A5}.Ad-Hoc|ARM.ActiveCfg = Release|ARM
		{A5EDC1F0-9AF8-4611-ACF5-E513DF7CD7A5}.Ad-Hoc|ARM.Build.0 = Release|ARM
		{A5EDC1F0-9AF8-4611-ACF5-E513DF7CD7A5}.Ad-Hoc|ARM.Deploy.0 = Release|ARM
		{A5EDC1F0-9AF8-4611-ACF5-E513DF7CD7A5}.Ad-Hoc|iPhone.ActiveCfg = Release|Any CPU
		{A5EDC1F0-9AF8-4611-ACF5-E513DF7CD7A5}.Ad-Hoc|iPhone.Build.0 = Release|Any CPU
		{A5EDC1F0-9AF8-4611-ACF5-E513DF7CD7A5}.Ad-Hoc|iPhone.Deploy.0 = Release|Any CPU
		{A5EDC1F0-9AF8-4611-ACF5-E513DF7CD7A5}.Ad-Hoc|iPhoneSimulator.ActiveCfg = Release|Any CPU
		{A5EDC1F0-9AF8-4611-ACF5-E513DF7CD7A5}.Ad-Hoc|iPhoneSimulator.Build.0 = Release|Any CPU
		{A5EDC1F0-9AF8-4611-ACF5-E513DF7CD7A5}.Ad-Hoc|iPhoneSimulator.Deploy.0 = Release|Any CPU
		{A5EDC1F0-9AF8-4611-ACF5-E513DF7CD7A5}.Ad-Hoc|x64.ActiveCfg = Release|x64
		{A5EDC1F0-9AF8-4611-ACF5-E513DF7CD7A5}.Ad-Hoc|x64.Build.0 = Release|x64
		{A5EDC1F0-9AF8-4611-ACF5-E513DF7CD7A5}.Ad-Hoc|x64.Deploy.0 = Release|x64
		{A5EDC1F0-9AF8-4611-ACF5-E513DF7CD7A5}.Ad-Hoc|x86.ActiveCfg = Release|x86
		{A5EDC1F0-9AF8-4611-ACF5-E513DF7CD7A5}.Ad-Hoc|x86.Build.0 = Release|x86
		{A5EDC1F0-9AF8-4611-ACF5-E513DF7CD7A5}.Ad-Hoc|x86.Deploy.0 = Release|x86
		{A5EDC1F0-9AF8-4611-ACF5-E513DF7CD7A5}.AppStore|Any CPU.ActiveCfg = Release|Any CPU
		{A5EDC1F0-9AF8-4611-ACF5-E513DF7CD7A5}.AppStore|Any CPU.Build.0 = Release|Any CPU
		{A5EDC1F0-9AF8-4611-ACF5-E513DF7CD7A5}.AppStore|Any CPU.Deploy.0 = Release|Any CPU
		{A5EDC1F0-9AF8-4611-ACF5-E513DF7CD7A5}.AppStore|ARM.ActiveCfg = Release|ARM
		{A5EDC1F0-9AF8-4611-ACF5-E513DF7CD7A5}.AppStore|ARM.Build.0 = Release|ARM
		{A5EDC1F0-9AF8-4611-ACF5-E513DF7CD7A5}.AppStore|ARM.Deploy.0 = Release|ARM
		{A5EDC1F0-9AF8-4611-ACF5-E513DF7CD7A5}.AppStore|iPhone.ActiveCfg = Release|Any CPU
		{A5EDC1F0-9AF8-4611-ACF5-E513DF7CD7A5}.AppStore|iPhone.Build.0 = Release|Any CPU
		{A5EDC1F0-9AF8-4611-ACF5-E513DF7CD7A5}.AppStore|iPhone.Deploy.0 = Release|Any CPU
		{A5EDC1F0-9AF8-4611-ACF5-E513DF7CD7A5}.AppStore|iPhoneSimulator.ActiveCfg = Release|Any CPU
		{A5EDC1F0-9AF8-4611-ACF5-E513DF7CD7A5}.AppStore|iPhoneSimulator.Build.0 = Release|Any CPU
		{A5EDC1F0-9AF8-4611-ACF5-E513DF7CD7A5}.AppStore|iPhoneSimulator.Deploy.0 = Release|Any CPU
		{A5EDC1F0-9AF8-4611-ACF5-E513DF7CD7A5}.AppStore|x64.ActiveCfg = Release|x64
		{A5EDC1F0-9AF8-4611-ACF5-E513DF7CD7A5}.AppStore|x64.Build.0 = Release|x64
		{A5EDC1F0-9AF8-4611-ACF5-E513DF7CD7A5}.AppStore|x64.Deploy.0 = Release|x64
		{A5EDC1F0-9AF8-4611-ACF5-E513DF7CD7A5}.AppStore|x86.ActiveCfg = Release|x86
		{A5EDC1F0-9AF8-4611-ACF5-E513DF7CD7A5}.AppStore|x86.Build.0 = Release|x86
		{A5EDC1F0-9AF8-4611-ACF5-E513DF7CD7A5}.AppStore|x86.Deploy.0 = Release|x86
		{A5EDC1F0-9AF8-4611-ACF5-E513DF7CD7A5}.Debug|Any CPU.ActiveCfg = Debug|Any CPU
		{A5EDC1F0-9AF8-4611-ACF5-E513DF7CD7A5}.Debug|Any CPU.Build.0 = Debug|Any CPU
		{A5EDC1F0-9AF8-4611-ACF5-E513DF7CD7A5}.Debug|Any CPU.Deploy.0 = Debug|Any CPU
		{A5EDC1F0-9AF8-4611-ACF5-E513DF7CD7A5}.Debug|ARM.ActiveCfg = Debug|ARM
		{A5EDC1F0-9AF8-4611-ACF5-E513DF7CD7A5}.Debug|ARM.Build.0 = Debug|ARM
		{A5EDC1F0-9AF8-4611-ACF5-E513DF7CD7A5}.Debug|ARM.Deploy.0 = Debug|ARM
		{A5EDC1F0-9AF8-4611-ACF5-E513DF7CD7A5}.Debug|iPhone.ActiveCfg = Debug|Any CPU
		{A5EDC1F0-9AF8-4611-ACF5-E513DF7CD7A5}.Debug|iPhone.Build.0 = Debug|Any CPU
		{A5EDC1F0-9AF8-4611-ACF5-E513DF7CD7A5}.Debug|iPhone.Deploy.0 = Debug|Any CPU
		{A5EDC1F0-9AF8-4611-ACF5-E513DF7CD7A5}.Debug|iPhoneSimulator.ActiveCfg = Debug|Any CPU
		{A5EDC1F0-9AF8-4611-ACF5-E513DF7CD7A5}.Debug|iPhoneSimulator.Build.0 = Debug|Any CPU
		{A5EDC1F0-9AF8-4611-ACF5-E513DF7CD7A5}.Debug|iPhoneSimulator.Deploy.0 = Debug|Any CPU
		{A5EDC1F0-9AF8-4611-ACF5-E513DF7CD7A5}.Debug|x64.ActiveCfg = Debug|x64
		{A5EDC1F0-9AF8-4611-ACF5-E513DF7CD7A5}.Debug|x64.Build.0 = Debug|x64
		{A5EDC1F0-9AF8-4611-ACF5-E513DF7CD7A5}.Debug|x64.Deploy.0 = Debug|x64
		{A5EDC1F0-9AF8-4611-ACF5-E513DF7CD7A5}.Debug|x86.ActiveCfg = Debug|x86
		{A5EDC1F0-9AF8-4611-ACF5-E513DF7CD7A5}.Debug|x86.Build.0 = Debug|x86
		{A5EDC1F0-9AF8-4611-ACF5-E513DF7CD7A5}.Debug|x86.Deploy.0 = Debug|x86
		{A5EDC1F0-9AF8-4611-ACF5-E513DF7CD7A5}.Release|Any CPU.ActiveCfg = Release|Any CPU
		{A5EDC1F0-9AF8-4611-ACF5-E513DF7CD7A5}.Release|Any CPU.Build.0 = Release|Any CPU
		{A5EDC1F0-9AF8-4611-ACF5-E513DF7CD7A5}.Release|Any CPU.Deploy.0 = Release|Any CPU
		{A5EDC1F0-9AF8-4611-ACF5-E513DF7CD7A5}.Release|ARM.ActiveCfg = Release|ARM
		{A5EDC1F0-9AF8-4611-ACF5-E513DF7CD7A5}.Release|ARM.Build.0 = Release|ARM
		{A5EDC1F0-9AF8-4611-ACF5-E513DF7CD7A5}.Release|ARM.Deploy.0 = Release|ARM
		{A5EDC1F0-9AF8-4611-ACF5-E513DF7CD7A5}.Release|iPhone.ActiveCfg = Release|Any CPU
		{A5EDC1F0-9AF8-4611-ACF5-E513DF7CD7A5}.Release|iPhone.Build.0 = Release|Any CPU
		{A5EDC1F0-9AF8-4611-ACF5-E513DF7CD7A5}.Release|iPhone.Deploy.0 = Release|Any CPU
		{A5EDC1F0-9AF8-4611-ACF5-E513DF7CD7A5}.Release|iPhoneSimulator.ActiveCfg = Release|Any CPU
		{A5EDC1F0-9AF8-4611-ACF5-E513DF7CD7A5}.Release|iPhoneSimulator.Build.0 = Release|Any CPU
		{A5EDC1F0-9AF8-4611-ACF5-E513DF7CD7A5}.Release|iPhoneSimulator.Deploy.0 = Release|Any CPU
		{A5EDC1F0-9AF8-4611-ACF5-E513DF7CD7A5}.Release|x64.ActiveCfg = Release|x64
		{A5EDC1F0-9AF8-4611-ACF5-E513DF7CD7A5}.Release|x64.Build.0 = Release|x64
		{A5EDC1F0-9AF8-4611-ACF5-E513DF7CD7A5}.Release|x64.Deploy.0 = Release|x64
		{A5EDC1F0-9AF8-4611-ACF5-E513DF7CD7A5}.Release|x86.ActiveCfg = Release|x86
		{A5EDC1F0-9AF8-4611-ACF5-E513DF7CD7A5}.Release|x86.Build.0 = Release|x86
		{A5EDC1F0-9AF8-4611-ACF5-E513DF7CD7A5}.Release|x86.Deploy.0 = Release|x86
		{1884A3B1-8BC4-4E62-9B81-3BBA601FE6AB}.Ad-Hoc|Any CPU.ActiveCfg = Release|Any CPU
		{1884A3B1-8BC4-4E62-9B81-3BBA601FE6AB}.Ad-Hoc|Any CPU.Build.0 = Release|Any CPU
		{1884A3B1-8BC4-4E62-9B81-3BBA601FE6AB}.Ad-Hoc|ARM.ActiveCfg = Release|Any CPU
		{1884A3B1-8BC4-4E62-9B81-3BBA601FE6AB}.Ad-Hoc|ARM.Build.0 = Release|Any CPU
		{1884A3B1-8BC4-4E62-9B81-3BBA601FE6AB}.Ad-Hoc|iPhone.ActiveCfg = Release|Any CPU
		{1884A3B1-8BC4-4E62-9B81-3BBA601FE6AB}.Ad-Hoc|iPhone.Build.0 = Release|Any CPU
		{1884A3B1-8BC4-4E62-9B81-3BBA601FE6AB}.Ad-Hoc|iPhoneSimulator.ActiveCfg = Release|Any CPU
		{1884A3B1-8BC4-4E62-9B81-3BBA601FE6AB}.Ad-Hoc|iPhoneSimulator.Build.0 = Release|Any CPU
		{1884A3B1-8BC4-4E62-9B81-3BBA601FE6AB}.Ad-Hoc|x64.ActiveCfg = Release|Any CPU
		{1884A3B1-8BC4-4E62-9B81-3BBA601FE6AB}.Ad-Hoc|x64.Build.0 = Release|Any CPU
		{1884A3B1-8BC4-4E62-9B81-3BBA601FE6AB}.Ad-Hoc|x86.ActiveCfg = Release|Any CPU
		{1884A3B1-8BC4-4E62-9B81-3BBA601FE6AB}.Ad-Hoc|x86.Build.0 = Release|Any CPU
		{1884A3B1-8BC4-4E62-9B81-3BBA601FE6AB}.AppStore|Any CPU.ActiveCfg = Release|Any CPU
		{1884A3B1-8BC4-4E62-9B81-3BBA601FE6AB}.AppStore|Any CPU.Build.0 = Release|Any CPU
		{1884A3B1-8BC4-4E62-9B81-3BBA601FE6AB}.AppStore|ARM.ActiveCfg = Release|Any CPU
		{1884A3B1-8BC4-4E62-9B81-3BBA601FE6AB}.AppStore|ARM.Build.0 = Release|Any CPU
		{1884A3B1-8BC4-4E62-9B81-3BBA601FE6AB}.AppStore|iPhone.ActiveCfg = Release|Any CPU
		{1884A3B1-8BC4-4E62-9B81-3BBA601FE6AB}.AppStore|iPhone.Build.0 = Release|Any CPU
		{1884A3B1-8BC4-4E62-9B81-3BBA601FE6AB}.AppStore|iPhoneSimulator.ActiveCfg = Release|Any CPU
		{1884A3B1-8BC4-4E62-9B81-3BBA601FE6AB}.AppStore|iPhoneSimulator.Build.0 = Release|Any CPU
		{1884A3B1-8BC4-4E62-9B81-3BBA601FE6AB}.AppStore|x64.ActiveCfg = Release|Any CPU
		{1884A3B1-8BC4-4E62-9B81-3BBA601FE6AB}.AppStore|x64.Build.0 = Release|Any CPU
		{1884A3B1-8BC4-4E62-9B81-3BBA601FE6AB}.AppStore|x86.ActiveCfg = Release|Any CPU
		{1884A3B1-8BC4-4E62-9B81-3BBA601FE6AB}.AppStore|x86.Build.0 = Release|Any CPU
		{1884A3B1-8BC4-4E62-9B81-3BBA601FE6AB}.Debug|Any CPU.ActiveCfg = Debug|Any CPU
		{1884A3B1-8BC4-4E62-9B81-3BBA601FE6AB}.Debug|Any CPU.Build.0 = Debug|Any CPU
		{1884A3B1-8BC4-4E62-9B81-3BBA601FE6AB}.Debug|ARM.ActiveCfg = Debug|Any CPU
		{1884A3B1-8BC4-4E62-9B81-3BBA601FE6AB}.Debug|ARM.Build.0 = Debug|Any CPU
		{1884A3B1-8BC4-4E62-9B81-3BBA601FE6AB}.Debug|iPhone.ActiveCfg = Debug|Any CPU
		{1884A3B1-8BC4-4E62-9B81-3BBA601FE6AB}.Debug|iPhone.Build.0 = Debug|Any CPU
		{1884A3B1-8BC4-4E62-9B81-3BBA601FE6AB}.Debug|iPhoneSimulator.ActiveCfg = Debug|Any CPU
		{1884A3B1-8BC4-4E62-9B81-3BBA601FE6AB}.Debug|iPhoneSimulator.Build.0 = Debug|Any CPU
		{1884A3B1-8BC4-4E62-9B81-3BBA601FE6AB}.Debug|x64.ActiveCfg = Debug|Any CPU
		{1884A3B1-8BC4-4E62-9B81-3BBA601FE6AB}.Debug|x64.Build.0 = Debug|Any CPU
		{1884A3B1-8BC4-4E62-9B81-3BBA601FE6AB}.Debug|x86.ActiveCfg = Debug|Any CPU
		{1884A3B1-8BC4-4E62-9B81-3BBA601FE6AB}.Debug|x86.Build.0 = Debug|Any CPU
		{1884A3B1-8BC4-4E62-9B81-3BBA601FE6AB}.Release|Any CPU.ActiveCfg = Release|Any CPU
		{1884A3B1-8BC4-4E62-9B81-3BBA601FE6AB}.Release|Any CPU.Build.0 = Release|Any CPU
		{1884A3B1-8BC4-4E62-9B81-3BBA601FE6AB}.Release|ARM.ActiveCfg = Release|Any CPU
		{1884A3B1-8BC4-4E62-9B81-3BBA601FE6AB}.Release|ARM.Build.0 = Release|Any CPU
		{1884A3B1-8BC4-4E62-9B81-3BBA601FE6AB}.Release|iPhone.ActiveCfg = Release|Any CPU
		{1884A3B1-8BC4-4E62-9B81-3BBA601FE6AB}.Release|iPhone.Build.0 = Release|Any CPU
		{1884A3B1-8BC4-4E62-9B81-3BBA601FE6AB}.Release|iPhoneSimulator.ActiveCfg = Release|Any CPU
		{1884A3B1-8BC4-4E62-9B81-3BBA601FE6AB}.Release|iPhoneSimulator.Build.0 = Release|Any CPU
		{1884A3B1-8BC4-4E62-9B81-3BBA601FE6AB}.Release|x64.ActiveCfg = Release|Any CPU
		{1884A3B1-8BC4-4E62-9B81-3BBA601FE6AB}.Release|x64.Build.0 = Release|Any CPU
		{1884A3B1-8BC4-4E62-9B81-3BBA601FE6AB}.Release|x86.ActiveCfg = Release|Any CPU
		{1884A3B1-8BC4-4E62-9B81-3BBA601FE6AB}.Release|x86.Build.0 = Release|Any CPU
	EndGlobalSection
	GlobalSection(SolutionProperties) = preSolution
		HideSolutionNode = FALSE
	EndGlobalSection
EndGlobal
